
Microsoft Visual Studio Solution File, Format Version 12.00
# Visual Studio Version 17
VisualStudioVersion = 17.8.34525.116
MinimumVisualStudioVersion = 10.0.40219.1
Project("{FAE04EC0-301F-11D3-BF4B-00C04F79EFBC}") = "interface", "interface\interface.csproj", "{DFFDD646-54E5-46D0-94C8-A682D42E39CA}"
EndProject
Project("{FAE04EC0-301F-11D3-BF4B-00C04F79EFBC}") = "InfoJoueurSQL", "InfoJoueurSQL\InfoJoueurSQL.csproj", "{92DC16E5-753C-41C4-8008-C13D8BDBAF79}"
EndProject
Project("{FAE04EC0-301F-11D3-BF4B-00C04F79EFBC}") = "AideJeu", "AideJeu\AideJeu.csproj", "{A2080C56-F73A-47E0-8DDA-D88D9E627AA6}"
EndProject
Global
	GlobalSection(SolutionConfigurationPlatforms) = preSolution
		Debug|Any CPU = Debug|Any CPU
		Release|Any CPU = Release|Any CPU
	EndGlobalSection
	GlobalSection(ProjectConfigurationPlatforms) = postSolution
		{DFFDD646-54E5-46D0-94C8-A682D42E39CA}.Debug|Any CPU.ActiveCfg = Debug|Any CPU
		{DFFDD646-54E5-46D0-94C8-A682D42E39CA}.Debug|Any CPU.Build.0 = Debug|Any CPU
		{DFFDD646-54E5-46D0-94C8-A682D42E39CA}.Release|Any CPU.ActiveCfg = Release|Any CPU
		{DFFDD646-54E5-46D0-94C8-A682D42E39CA}.Release|Any CPU.Build.0 = Release|Any CPU
		{92DC16E5-753C-41C4-8008-C13D8BDBAF79}.Debug|Any CPU.ActiveCfg = Debug|Any CPU
		{92DC16E5-753C-41C4-8008-C13D8BDBAF79}.Debug|Any CPU.Build.0 = Debug|Any CPU
		{92DC16E5-753C-41C4-8008-C13D8BDBAF79}.Release|Any CPU.ActiveCfg = Release|Any CPU
		{92DC16E5-753C-41C4-8008-C13D8BDBAF79}.Release|Any CPU.Build.0 = Release|Any CPU
		{A2080C56-F73A-47E0-8DDA-D88D9E627AA6}.Debug|Any CPU.ActiveCfg = Debug|Any CPU
		{A2080C56-F73A-47E0-8DDA-D88D9E627AA6}.Debug|Any CPU.Build.0 = Debug|Any CPU
		{A2080C56-F73A-47E0-8DDA-D88D9E627AA6}.Release|Any CPU.ActiveCfg = Release|Any CPU
		{A2080C56-F73A-47E0-8DDA-D88D9E627AA6}.Release|Any CPU.Build.0 = Release|Any CPU
	EndGlobalSection
	GlobalSection(SolutionProperties) = preSolution
		HideSolutionNode = FALSE
	EndGlobalSection
	GlobalSection(ExtensibilityGlobals) = postSolution
		SolutionGuid = {DDF87F6F-6EAA-4DB3-AC4A-B4A24658F6D5}
	EndGlobalSection
EndGlobal
